
Microsoft Visual Studio Solution File, Format Version 12.00
# Visual Studio Version 16
VisualStudioVersion = 16.0.32630.194
MinimumVisualStudioVersion = 10.0.40219.1
Project("{FAE04EC0-301F-11D3-BF4B-00C04F79EFBC}") = "StackaAndQueue", "StackaAndQueue\StackaAndQueue.csproj", "{2DD2EF13-F1E4-478D-BB92-4AB6ADCA966A}"
EndProject
Global
	GlobalSection(SolutionConfigurationPlatforms) = preSolution
		Debug|Any CPU = Debug|Any CPU
		Release|Any CPU = Release|Any CPU
	EndGlobalSection
	GlobalSection(ProjectConfigurationPlatforms) = postSolution
		{2DD2EF13-F1E4-478D-BB92-4AB6ADCA966A}.Debug|Any CPU.ActiveCfg = Debug|Any CPU
		{2DD2EF13-F1E4-478D-BB92-4AB6ADCA966A}.Debug|Any CPU.Build.0 = Debug|Any CPU
		{2DD2EF13-F1E4-478D-BB92-4AB6ADCA966A}.Release|Any CPU.ActiveCfg = Release|Any CPU
		{2DD2EF13-F1E4-478D-BB92-4AB6ADCA966A}.Release|Any CPU.Build.0 = Release|Any CPU
	EndGlobalSection
	GlobalSection(SolutionProperties) = preSolution
		HideSolutionNode = FALSE
	EndGlobalSection
	GlobalSection(ExtensibilityGlobals) = postSolution
		SolutionGuid = {6809A29E-C692-4BAF-9CF9-54F9A70D3DC5}
	EndGlobalSection
EndGlobal
